// !$*UTF8*$!
{
	archiveVersion = 1;
	classes = {
	};
	objectVersion = 60;
	objects = {

/* Begin PBXBuildFile section */
		0AAE3D472D735B0D0071F4E6 /* heictojpg.swift in Sources */ = {isa = PBXBuildFile; fileRef = 0AAE3D452D735B0D0071F4E6 /* heictojpg.swift */; };
		0AAE3D482D735B0D0071F4E6 /* heictopng.swift in Sources */ = {isa = PBXBuildFile; fileRef = 0AAE3D462D735B0D0071F4E6 /* heictopng.swift */; };
		0AAE3D4A2D735B160071F4E6 /* jpgtowebp.swift in Sources */ = {isa = PBXBuildFile; fileRef = 0AAE3D492D735B160071F4E6 /* jpgtowebp.swift */; };
		0AAE3D4C2D735B1B0071F4E6 /* pngtowebp.swift in Sources */ = {isa = PBXBuildFile; fileRef = 0AAE3D4B2D735B1B0071F4E6 /* pngtowebp.swift */; };
		0AC70BDE2D7383B600CEAE1B /* WelcomeView.swift in Sources */ = {isa = PBXBuildFile; fileRef = 0AC70BDD2D7383B600CEAE1B /* WelcomeView.swift */; };
		0AC70BE02D738CC900CEAE1B /* main.swift in Sources */ = {isa = PBXBuildFile; fileRef = 0AC70BDF2D738CC900CEAE1B /* main.swift */; };
		0AEBC7122D734CA500FE6870 /* jpgtopng.swift in Sources */ = {isa = PBXBuildFile; fileRef = 0AEBC70F2D734CA500FE6870 /* jpgtopng.swift */; };
		0AEBC7132D734CA500FE6870 /* pngtojpg.swift in Sources */ = {isa = PBXBuildFile; fileRef = 0AEBC7102D734CA500FE6870 /* pngtojpg.swift */; };
		14F2977DEEB3326F0B636863 /* webptojpg.swift in Sources */ = {isa = PBXBuildFile; fileRef = 8377739314CE073B728DB420 /* webptojpg.swift */; };
		28486D9827DAD12700FDC8AA /* MainWindow.swift in Sources */ = {isa = PBXBuildFile; fileRef = 28486D9727DAD12700FDC8AA /* MainWindow.swift */; };
		28486D9E27DAE16700FDC8AA /* WindowMovingImageView.swift in Sources */ = {isa = PBXBuildFile; fileRef = 28486D9D27DAE16700FDC8AA /* WindowMovingImageView.swift */; };
		28B87FC027DAEE5B00A1A4E7 /* VideoContainerView.swift in Sources */ = {isa = PBXBuildFile; fileRef = 28B87FBF27DAEE5B00A1A4E7 /* VideoContainerView.swift */; };
		28FDF717279E1D4800573C23 /* AppDelegate.swift in Sources */ = {isa = PBXBuildFile; fileRef = 28FDF716279E1D4800573C23 /* AppDelegate.swift */; };
		28FDF719279E1D4800573C23 /* ViewController.swift in Sources */ = {isa = PBXBuildFile; fileRef = 28FDF718279E1D4800573C23 /* ViewController.swift */; };
		28FDF71B279E1D4900573C23 /* Assets.xcassets in Resources */ = {isa = PBXBuildFile; fileRef = 28FDF71A279E1D4900573C23 /* Assets.xcassets */; };
		28FDF72C279E1D6F00573C23 /* FinderSync.swift in Sources */ = {isa = PBXBuildFile; fileRef = 28FDF72B279E1D6F00573C23 /* FinderSync.swift */; };
		28FDF731279E1D6F00573C23 /* iConvert Finder Extension.appex in Embed App Extensions */ = {isa = PBXBuildFile; fileRef = 28FDF729279E1D6F00573C23 /* iConvert Finder Extension.appex */; settings = {ATTRIBUTES = (RemoveHeadersOnCopy, ); }; };
		630826FF2AF81CA9000203D6 /* Welcome.mp4 in Resources */ = {isa = PBXBuildFile; fileRef = 630826FE2AF81CA9000203D6 /* Welcome.mp4 */; };
		B915ED334DBD00608233AD6E /* webptopng.swift in Sources */ = {isa = PBXBuildFile; fileRef = 420E4A2A78808F168B645440 /* webptopng.swift */; };
		D0A03457AD9A9FF7485DA1AA /* heictowebp.swift in Sources */ = {isa = PBXBuildFile; fileRef = B5C1CEF2F1B0AFB5E581EA84 /* heictowebp.swift */; };
/* End PBXBuildFile section */

/* Begin PBXContainerItemProxy section */
		28FDF72F279E1D6F00573C23 /* PBXContainerItemProxy */ = {
			isa = PBXContainerItemProxy;
			containerPortal = 28FDF70B279E1D4800573C23 /* Project object */;
			proxyType = 1;
			remoteGlobalIDString = 28FDF728279E1D6F00573C23;
			remoteInfo = "iConvert Finder Extension";
		};
/* End PBXContainerItemProxy section */

/* Begin PBXCopyFilesBuildPhase section */
		28FDF735279E1D6F00573C23 /* Embed App Extensions */ = {
			isa = PBXCopyFilesBuildPhase;
			buildActionMask = 2147483647;
			dstPath = "";
			dstSubfolderSpec = 13;
			files = (
				28FDF731279E1D6F00573C23 /* iConvert Finder Extension.appex in Embed App Extensions */,
			);
			name = "Embed App Extensions";
			runOnlyForDeploymentPostprocessing = 0;
		};
/* End PBXCopyFilesBuildPhase section */

/* Begin PBXFileReference section */
		0AAE3D452D735B0D0071F4E6 /* heictojpg.swift */ = {isa = PBXFileReference; lastKnownFileType = sourcecode.swift; path = heictojpg.swift; sourceTree = "<group>"; };
		0AAE3D462D735B0D0071F4E6 /* heictopng.swift */ = {isa = PBXFileReference; lastKnownFileType = sourcecode.swift; path = heictopng.swift; sourceTree = "<group>"; };
		0AAE3D492D735B160071F4E6 /* jpgtowebp.swift */ = {isa = PBXFileReference; lastKnownFileType = sourcecode.swift; path = jpgtowebp.swift; sourceTree = "<group>"; };
		0AAE3D4B2D735B1B0071F4E6 /* pngtowebp.swift */ = {isa = PBXFileReference; lastKnownFileType = sourcecode.swift; path = pngtowebp.swift; sourceTree = "<group>"; };
		0AC70BDD2D7383B600CEAE1B /* WelcomeView.swift */ = {isa = PBXFileReference; lastKnownFileType = sourcecode.swift; path = WelcomeView.swift; sourceTree = "<group>"; };
		0AC70BDF2D738CC900CEAE1B /* main.swift */ = {isa = PBXFileReference; lastKnownFileType = sourcecode.swift; path = main.swift; sourceTree = "<group>"; };
		0AEBC70F2D734CA500FE6870 /* jpgtopng.swift */ = {isa = PBXFileReference; lastKnownFileType = sourcecode.swift; path = jpgtopng.swift; sourceTree = "<group>"; };
		0AEBC7102D734CA500FE6870 /* pngtojpg.swift */ = {isa = PBXFileReference; lastKnownFileType = sourcecode.swift; path = pngtojpg.swift; sourceTree = "<group>"; };
		28486D9727DAD12700FDC8AA /* MainWindow.swift */ = {isa = PBXFileReference; lastKnownFileType = sourcecode.swift; path = MainWindow.swift; sourceTree = "<group>"; };
		28486D9D27DAE16700FDC8AA /* WindowMovingImageView.swift */ = {isa = PBXFileReference; lastKnownFileType = sourcecode.swift; path = WindowMovingImageView.swift; sourceTree = "<group>"; };
		28B87FBF27DAEE5B00A1A4E7 /* VideoContainerView.swift */ = {isa = PBXFileReference; lastKnownFileType = sourcecode.swift; path = VideoContainerView.swift; sourceTree = "<group>"; };
		28FDF713279E1D4800573C23 /* iConvert.app */ = {isa = PBXFileReference; explicitFileType = wrapper.application; includeInIndex = 0; path = iConvert.app; sourceTree = BUILT_PRODUCTS_DIR; };
		28FDF716279E1D4800573C23 /* AppDelegate.swift */ = {isa = PBXFileReference; lastKnownFileType = sourcecode.swift; path = AppDelegate.swift; sourceTree = "<group>"; };
		28FDF718279E1D4800573C23 /* ViewController.swift */ = {isa = PBXFileReference; lastKnownFileType = sourcecode.swift; path = ViewController.swift; sourceTree = "<group>"; };
		28FDF71A279E1D4900573C23 /* Assets.xcassets */ = {isa = PBXFileReference; lastKnownFileType = folder.assetcatalog; path = Assets.xcassets; sourceTree = "<group>"; };
		28FDF71F279E1D4900573C23 /* iConvert.entitlements */ = {isa = PBXFileReference; lastKnownFileType = text.plist.entitlements; path = iConvert.entitlements; sourceTree = "<group>"; };
		28FDF729279E1D6F00573C23 /* iConvert Finder Extension.appex */ = {isa = PBXFileReference; explicitFileType = "wrapper.app-extension"; includeInIndex = 0; path = "iConvert Finder Extension.appex"; sourceTree = BUILT_PRODUCTS_DIR; };
		28FDF72B279E1D6F00573C23 /* FinderSync.swift */ = {isa = PBXFileReference; lastKnownFileType = sourcecode.swift; path = FinderSync.swift; sourceTree = "<group>"; };
		28FDF72D279E1D6F00573C23 /* Info.plist */ = {isa = PBXFileReference; lastKnownFileType = text.plist.xml; path = Info.plist; sourceTree = "<group>"; };
		28FDF72E279E1D6F00573C23 /* iConvert Finder Extension.entitlements */ = {isa = PBXFileReference; lastKnownFileType = text.plist.entitlements; path = "iConvert Finder Extension.entitlements"; sourceTree = "<group>"; };
		420E4A2A78808F168B645440 /* webptopng.swift */ = {isa = PBXFileReference; includeInIndex = 1; lastKnownFileType = sourcecode.swift; path = webptopng.swift; sourceTree = "<group>"; };
		630826FE2AF81CA9000203D6 /* Welcome.mp4 */ = {isa = PBXFileReference; lastKnownFileType = file; path = Welcome.mp4; sourceTree = "<group>"; };
		6A1EDF1DCDE804E3CD31E7B0 /* webptopng.swift */ = {isa = PBXFileReference; includeInIndex = 1; lastKnownFileType = sourcecode.swift; path = webptopng.swift; sourceTree = "<group>"; };
		6F4AC20483ECE41530A868EB /* webptojpg.swift */ = {isa = PBXFileReference; includeInIndex = 1; lastKnownFileType = sourcecode.swift; path = webptojpg.swift; sourceTree = "<group>"; };
		8377739314CE073B728DB420 /* webptojpg.swift */ = {isa = PBXFileReference; includeInIndex = 1; lastKnownFileType = sourcecode.swift; path = webptojpg.swift; sourceTree = "<group>"; };
		B5C1CEF2F1B0AFB5E581EA84 /* heictowebp.swift */ = {isa = PBXFileReference; includeInIndex = 1; lastKnownFileType = sourcecode.swift; path = heictowebp.swift; sourceTree = "<group>"; };
/* End PBXFileReference section */

/* Begin PBXFrameworksBuildPhase section */
		28FDF710279E1D4800573C23 /* Frameworks */ = {
			isa = PBXFrameworksBuildPhase;
			buildActionMask = 2147483647;
			files = (
			);
			runOnlyForDeploymentPostprocessing = 0;
		};
		28FDF726279E1D6F00573C23 /* Frameworks */ = {
			isa = PBXFrameworksBuildPhase;
			buildActionMask = 2147483647;
			files = (
			);
			runOnlyForDeploymentPostprocessing = 0;
		};
/* End PBXFrameworksBuildPhase section */

/* Begin PBXGroup section */
		0AEBC7112D734CA500FE6870 /* Converters */ = {
			isa = PBXGroup;
			children = (
				0AEBC70F2D734CA500FE6870 /* jpgtopng.swift */,
				0AEBC7102D734CA500FE6870 /* pngtojpg.swift */,
				0AAE3D452D735B0D0071F4E6 /* heictojpg.swift */,
				0AAE3D462D735B0D0071F4E6 /* heictopng.swift */,
				0AAE3D492D735B160071F4E6 /* jpgtowebp.swift */,
				0AAE3D4B2D735B1B0071F4E6 /* pngtowebp.swift */,
				8377739314CE073B728DB420 /* webptojpg.swift */,
				6A1EDF1DCDE804E3CD31E7B0 /* webptopng.swift */,
				6F4AC20483ECE41530A868EB /* webptojpg.swift */,
				420E4A2A78808F168B645440 /* webptopng.swift */,
				B5C1CEF2F1B0AFB5E581EA84 /* heictowebp.swift */,
			);
			path = Converters;
			sourceTree = "<group>";
		};
		28FDF70A279E1D4800573C23 = {
			isa = PBXGroup;
			children = (
				28FDF715279E1D4800573C23 /* iConvert */,
				28FDF72A279E1D6F00573C23 /* iConvert Finder Extension */,
				28FDF714279E1D4800573C23 /* Products */,
			);
			sourceTree = "<group>";
		};
		28FDF714279E1D4800573C23 /* Products */ = {
			isa = PBXGroup;
			children = (
				28FDF713279E1D4800573C23 /* iConvert.app */,
				28FDF729279E1D6F00573C23 /* iConvert Finder Extension.appex */,
			);
			name = Products;
			sourceTree = "<group>";
		};
		28FDF715279E1D4800573C23 /* iConvert */ = {
			isa = PBXGroup;
			children = (
				28FDF716279E1D4800573C23 /* AppDelegate.swift */,
				0AC70BDF2D738CC900CEAE1B /* main.swift */,
				28486D9727DAD12700FDC8AA /* MainWindow.swift */,
				28FDF718279E1D4800573C23 /* ViewController.swift */,
				0AC70BDD2D7383B600CEAE1B /* WelcomeView.swift */,
				28486D9D27DAE16700FDC8AA /* WindowMovingImageView.swift */,
				28B87FBF27DAEE5B00A1A4E7 /* VideoContainerView.swift */,
				28FDF71A279E1D4900573C23 /* Assets.xcassets */,
				28FDF71F279E1D4900573C23 /* iConvert.entitlements */,
				630826FE2AF81CA9000203D6 /* Welcome.mp4 */,
			);
			path = iConvert;
			sourceTree = "<group>";
		};
		28FDF72A279E1D6F00573C23 /* iConvert Finder Extension */ = {
			isa = PBXGroup;
			children = (
				28FDF72B279E1D6F00573C23 /* FinderSync.swift */,
				28FDF72D279E1D6F00573C23 /* Info.plist */,
				28FDF72E279E1D6F00573C23 /* iConvert Finder Extension.entitlements */,
				0AEBC7112D734CA500FE6870 /* Converters */,
			);
			path = "iConvert Finder Extension";
			sourceTree = "<group>";
		};
/* End PBXGroup section */

/* Begin PBXNativeTarget section */
		28FDF712279E1D4800573C23 /* iConvert */ = {
			isa = PBXNativeTarget;
			buildConfigurationList = 28FDF722279E1D4900573C23 /* Build configuration list for PBXNativeTarget "iConvert" */;
			buildPhases = (
				28FDF70F279E1D4800573C23 /* Sources */,
				28FDF710279E1D4800573C23 /* Frameworks */,
				28FDF711279E1D4800573C23 /* Resources */,
				28FDF735279E1D6F00573C23 /* Embed App Extensions */,
			);
			buildRules = (
			);
			dependencies = (
				28FDF730279E1D6F00573C23 /* PBXTargetDependency */,
			);
			name = iConvert;
			productName = iConvert;
			productReference = 28FDF713279E1D4800573C23 /* iConvert.app */;
			productType = "com.apple.product-type.application";
		};
		28FDF728279E1D6F00573C23 /* iConvert Finder Extension */ = {
			isa = PBXNativeTarget;
			buildConfigurationList = 28FDF732279E1D6F00573C23 /* Build configuration list for PBXNativeTarget "iConvert Finder Extension" */;
			buildPhases = (
				28FDF725279E1D6F00573C23 /* Sources */,
				28FDF726279E1D6F00573C23 /* Frameworks */,
				28FDF727279E1D6F00573C23 /* Resources */,
			);
			buildRules = (
			);
			dependencies = (
			);
			name = "iConvert Finder Extension";
			productName = "iConvert Finder Extension";
			productReference = 28FDF729279E1D6F00573C23 /* iConvert Finder Extension.appex */;
			productType = "com.apple.product-type.app-extension";
		};
/* End PBXNativeTarget section */

/* Begin PBXProject section */
		28FDF70B279E1D4800573C23 /* Project object */ = {
			isa = PBXProject;
			attributes = {
				BuildIndependentTargetsInParallel = 1;
				LastSwiftUpdateCheck = 1320;
				LastUpgradeCheck = 1620;
				TargetAttributes = {
					28FDF712279E1D4800573C23 = {
						CreatedOnToolsVersion = 15.0.0;
					};
					28FDF728279E1D6F00573C23 = {
						CreatedOnToolsVersion = 15.0.0;
					};
				};
			};
			buildConfigurationList = 28FDF70E279E1D4800573C23 /* Build configuration list for PBXProject "iConvert" */;
			compatibilityVersion = "Xcode 15.0";
			developmentRegion = en;
			hasScannedForEncodings = 0;
			knownRegions = (
				en,
				Base,
			);
			mainGroup = 28FDF70A279E1D4800573C23;
			productRefGroup = 28FDF714279E1D4800573C23 /* Products */;
			projectDirPath = "";
			projectRoot = "";
			targets = (
				28FDF712279E1D4800573C23 /* iConvert */,
				28FDF728279E1D6F00573C23 /* iConvert Finder Extension */,
			);
		};
/* End PBXProject section */

/* Begin PBXResourcesBuildPhase section */
		28FDF711279E1D4800573C23 /* Resources */ = {
			isa = PBXResourcesBuildPhase;
			buildActionMask = 2147483647;
			files = (
				630826FF2AF81CA9000203D6 /* Welcome.mp4 in Resources */,
				28FDF71B279E1D4900573C23 /* Assets.xcassets in Resources */,
			);
			runOnlyForDeploymentPostprocessing = 0;
		};
		28FDF727279E1D6F00573C23 /* Resources */ = {
			isa = PBXResourcesBuildPhase;
			buildActionMask = 2147483647;
			files = (
			);
			runOnlyForDeploymentPostprocessing = 0;
		};
/* End PBXResourcesBuildPhase section */

/* Begin PBXSourcesBuildPhase section */
		28FDF70F279E1D4800573C23 /* Sources */ = {
			isa = PBXSourcesBuildPhase;
			buildActionMask = 2147483647;
			files = (
				28486D9E27DAE16700FDC8AA /* WindowMovingImageView.swift in Sources */,
				0AC70BE02D738CC900CEAE1B /* main.swift in Sources */,
				0AC70BDE2D7383B600CEAE1B /* WelcomeView.swift in Sources */,
				28FDF719279E1D4800573C23 /* ViewController.swift in Sources */,
				28B87FC027DAEE5B00A1A4E7 /* VideoContainerView.swift in Sources */,
				28486D9827DAD12700FDC8AA /* MainWindow.swift in Sources */,
				28FDF717279E1D4800573C23 /* AppDelegate.swift in Sources */,
			);
			runOnlyForDeploymentPostprocessing = 0;
		};
		28FDF725279E1D6F00573C23 /* Sources */ = {
			isa = PBXSourcesBuildPhase;
			buildActionMask = 2147483647;
			files = (
				0AAE3D472D735B0D0071F4E6 /* heictojpg.swift in Sources */,
				0AAE3D482D735B0D0071F4E6 /* heictopng.swift in Sources */,
				0AEBC7122D734CA500FE6870 /* jpgtopng.swift in Sources */,
				0AAE3D4C2D735B1B0071F4E6 /* pngtowebp.swift in Sources */,
				0AEBC7132D734CA500FE6870 /* pngtojpg.swift in Sources */,
				0AAE3D4A2D735B160071F4E6 /* jpgtowebp.swift in Sources */,
				28FDF72C279E1D6F00573C23 /* FinderSync.swift in Sources */,
				14F2977DEEB3326F0B636863 /* webptojpg.swift in Sources */,
				B915ED334DBD00608233AD6E /* webptopng.swift in Sources */,
				D0A03457AD9A9FF7485DA1AA /* heictowebp.swift in Sources */,
			);
			runOnlyForDeploymentPostprocessing = 0;
		};
/* End PBXSourcesBuildPhase section */

/* Begin PBXTargetDependency section */
		28FDF730279E1D6F00573C23 /* PBXTargetDependency */ = {
			isa = PBXTargetDependency;
			target = 28FDF728279E1D6F00573C23 /* iConvert Finder Extension */;
			targetProxy = 28FDF72F279E1D6F00573C23 /* PBXContainerItemProxy */;
		};
/* End PBXTargetDependency section */

/* Begin XCBuildConfiguration section */
		28FDF720279E1D4900573C23 /* Debug */ = {
			isa = XCBuildConfiguration;
			buildSettings = {
				ALWAYS_SEARCH_USER_PATHS = NO;
				CLANG_ANALYZER_NONNULL = YES;
				CLANG_ANALYZER_NUMBER_OBJECT_CONVERSION = YES_AGGRESSIVE;
				CLANG_CXX_LANGUAGE_STANDARD = "gnu++17";
				CLANG_CXX_LIBRARY = "libc++";
				CLANG_ENABLE_MODULES = YES;
				CLANG_ENABLE_OBJC_ARC = YES;
				CLANG_ENABLE_OBJC_WEAK = YES;
				CLANG_WARN_BLOCK_CAPTURE_AUTORELEASING = YES;
				CLANG_WARN_BOOL_CONVERSION = YES;
				CLANG_WARN_COMMA = YES;
				CLANG_WARN_CONSTANT_CONVERSION = YES;
				CLANG_WARN_DEPRECATED_OBJC_IMPLEMENTATIONS = YES;
				CLANG_WARN_DIRECT_OBJC_ISA_USAGE = YES_ERROR;
				CLANG_WARN_DOCUMENTATION_COMMENTS = YES;
				CLANG_WARN_EMPTY_BODY = YES;
				CLANG_WARN_ENUM_CONVERSION = YES;
				CLANG_WARN_INFINITE_RECURSION = YES;
				CLANG_WARN_INT_CONVERSION = YES;
				CLANG_WARN_NON_LITERAL_NULL_CONVERSION = YES;
				CLANG_WARN_OBJC_IMPLICIT_RETAIN_SELF = YES;
				CLANG_WARN_OBJC_LITERAL_CONVERSION = YES;
				CLANG_WARN_OBJC_ROOT_CLASS = YES_ERROR;
				CLANG_WARN_QUOTED_INCLUDE_IN_FRAMEWORK_HEADER = YES;
				CLANG_WARN_RANGE_LOOP_ANALYSIS = YES;
				CLANG_WARN_STRICT_PROTOTYPES = YES;
				CLANG_WARN_SUSPICIOUS_MOVE = YES;
				CLANG_WARN_UNGUARDED_AVAILABILITY = YES_AGGRESSIVE;
				CLANG_WARN_UNREACHABLE_CODE = YES;
				CLANG_WARN__DUPLICATE_METHOD_MATCH = YES;
				COPY_PHASE_STRIP = NO;
				DEBUG_INFORMATION_FORMAT = dwarf;
				ENABLE_STRICT_OBJC_MSGSEND = YES;
				ENABLE_TESTABILITY = YES;
				GCC_C_LANGUAGE_STANDARD = gnu11;
				GCC_DYNAMIC_NO_PIC = NO;
				GCC_NO_COMMON_BLOCKS = YES;
				GCC_OPTIMIZATION_LEVEL = 0;
				GCC_PREPROCESSOR_DEFINITIONS = (
					"DEBUG=1",
					"$(inherited)",
				);
				GCC_WARN_64_TO_32_BIT_CONVERSION = YES;
				GCC_WARN_ABOUT_RETURN_TYPE = YES_ERROR;
				GCC_WARN_UNDECLARED_SELECTOR = YES;
				GCC_WARN_UNINITIALIZED_AUTOS = YES_AGGRESSIVE;
				GCC_WARN_UNUSED_FUNCTION = YES;
				GCC_WARN_UNUSED_VARIABLE = YES;
				MACOSX_DEPLOYMENT_TARGET = 12.1;
				MTL_ENABLE_DEBUG_INFO = INCLUDE_SOURCE;
				MTL_FAST_MATH = YES;
				ONLY_ACTIVE_ARCH = YES;
				SDKROOT = macosx;
				SWIFT_ACTIVE_COMPILATION_CONDITIONS = DEBUG;
				SWIFT_OPTIMIZATION_LEVEL = "-Onone";
			};
			name = Debug;
		};
		28FDF721279E1D4900573C23 /* Release */ = {
			isa = XCBuildConfiguration;
			buildSettings = {
				ALWAYS_SEARCH_USER_PATHS = NO;
				CLANG_ANALYZER_NONNULL = YES;
				CLANG_ANALYZER_NUMBER_OBJECT_CONVERSION = YES_AGGRESSIVE;
				CLANG_CXX_LANGUAGE_STANDARD = "gnu++17";
				CLANG_CXX_LIBRARY = "libc++";
				CLANG_ENABLE_MODULES = YES;
				CLANG_ENABLE_OBJC_ARC = YES;
				CLANG_ENABLE_OBJC_WEAK = YES;
				CLANG_WARN_BLOCK_CAPTURE_AUTORELEASING = YES;
				CLANG_WARN_BOOL_CONVERSION = YES;
				CLANG_WARN_COMMA = YES;
				CLANG_WARN_CONSTANT_CONVERSION = YES;
				CLANG_WARN_DEPRECATED_OBJC_IMPLEMENTATIONS = YES;
				CLANG_WARN_DIRECT_OBJC_ISA_USAGE = YES_ERROR;
				CLANG_WARN_DOCUMENTATION_COMMENTS = YES;
				CLANG_WARN_EMPTY_BODY = YES;
				CLANG_WARN_ENUM_CONVERSION = YES;
				CLANG_WARN_INFINITE_RECURSION = YES;
				CLANG_WARN_INT_CONVERSION = YES;
				CLANG_WARN_NON_LITERAL_NULL_CONVERSION = YES;
				CLANG_WARN_OBJC_IMPLICIT_RETAIN_SELF = YES;
				CLANG_WARN_OBJC_LITERAL_CONVERSION = YES;
				CLANG_WARN_OBJC_ROOT_CLASS = YES_ERROR;
				CLANG_WARN_QUOTED_INCLUDE_IN_FRAMEWORK_HEADER = YES;
				CLANG_WARN_RANGE_LOOP_ANALYSIS = YES;
				CLANG_WARN_STRICT_PROTOTYPES = YES;
				CLANG_WARN_SUSPICIOUS_MOVE = YES;
				CLANG_WARN_UNGUARDED_AVAILABILITY = YES_AGGRESSIVE;
				CLANG_WARN_UNREACHABLE_CODE = YES;
				CLANG_WARN__DUPLICATE_METHOD_MATCH = YES;
				COPY_PHASE_STRIP = NO;
				DEBUG_INFORMATION_FORMAT = "dwarf-with-dsym";
				ENABLE_NS_ASSERTIONS = NO;
				ENABLE_STRICT_OBJC_MSGSEND = YES;
				GCC_C_LANGUAGE_STANDARD = gnu11;
				GCC_NO_COMMON_BLOCKS = YES;
				GCC_WARN_64_TO_32_BIT_CONVERSION = YES;
				GCC_WARN_ABOUT_RETURN_TYPE = YES_ERROR;
				GCC_WARN_UNDECLARED_SELECTOR = YES;
				GCC_WARN_UNINITIALIZED_AUTOS = YES_AGGRESSIVE;
				GCC_WARN_UNUSED_FUNCTION = YES;
				GCC_WARN_UNUSED_VARIABLE = YES;
				MACOSX_DEPLOYMENT_TARGET = 12.1;
				MTL_ENABLE_DEBUG_INFO = NO;
				MTL_FAST_MATH = YES;
				SDKROOT = macosx;
				SWIFT_COMPILATION_MODE = wholemodule;
				SWIFT_OPTIMIZATION_LEVEL = "-O";
			};
			name = Release;
		};
		28FDF723279E1D4900573C23 /* Debug */ = {
			isa = XCBuildConfiguration;
			buildSettings = {
				ALWAYS_EMBED_SWIFT_STANDARD_LIBRARIES = YES;
				ASSETCATALOG_COMPILER_APPICON_NAME = AppIcon;
				ASSETCATALOG_COMPILER_GLOBAL_ACCENT_COLOR_NAME = AccentColor;
				CODE_SIGN_ENTITLEMENTS = iConvert/iConvert.entitlements;
				CODE_SIGN_IDENTITY = "-";
				"CODE_SIGN_IDENTITY[sdk=macosx*]" = "-";
				CODE_SIGN_STYLE = Automatic;
				COMBINE_HIDPI_IMAGES = YES;
				CURRENT_PROJECT_VERSION = 1;
				DEVELOPMENT_TEAM = 3R5PH5NRKL;
				ENABLE_HARDENED_RUNTIME = YES;
				GENERATE_INFOPLIST_FILE = YES;
				INFOPLIST_KEY_CFBundleDisplayName = iConvert;
				INFOPLIST_KEY_LSApplicationCategoryType = "public.app-category.utilities";
				INFOPLIST_KEY_NSDesktopFolderUsageDescription = "Allow access to convert files on your Deskop";
				INFOPLIST_KEY_NSDocumentsFolderUsageDescription = "Allow access to convert files in your Documents Folder";
				INFOPLIST_KEY_NSDownloadsFolderUsageDescription = "Allow access to convert files in your Downloads Folder";
				INFOPLIST_KEY_NSHumanReadableCopyright = "Copyright © 2025 UNTITLED APPS e.U.\nAll rights reserved.";
				INFOPLIST_KEY_NSPrincipalClass = NSApplication;
				LD_RUNPATH_SEARCH_PATHS = (
					"$(inherited)",
					"@executable_path/../Frameworks",
				);
				MARKETING_VERSION = 1.0.1;
				PRODUCT_BUNDLE_IDENTIFIER = at.untitledapps.iconvert;
				PRODUCT_NAME = "$(TARGET_NAME)";
				SWIFT_EMIT_LOC_STRINGS = YES;
				SWIFT_VERSION = 5.0;
			};
			name = Debug;
		};
		28FDF724279E1D4900573C23 /* Release */ = {
			isa = XCBuildConfiguration;
			buildSettings = {
				ALWAYS_EMBED_SWIFT_STANDARD_LIBRARIES = YES;
				ASSETCATALOG_COMPILER_APPICON_NAME = AppIcon;
				ASSETCATALOG_COMPILER_GLOBAL_ACCENT_COLOR_NAME = AccentColor;
				CODE_SIGN_ENTITLEMENTS = iConvert/iConvert.entitlements;
				CODE_SIGN_IDENTITY = "-";
				"CODE_SIGN_IDENTITY[sdk=macosx*]" = "-";
				CODE_SIGN_STYLE = Automatic;
				COMBINE_HIDPI_IMAGES = YES;
				CURRENT_PROJECT_VERSION = 1;
				DEVELOPMENT_TEAM = 3R5PH5NRKL;
				ENABLE_HARDENED_RUNTIME = YES;
				GENERATE_INFOPLIST_FILE = YES;
				INFOPLIST_KEY_CFBundleDisplayName = iConvert;
				INFOPLIST_KEY_LSApplicationCategoryType = "public.app-category.utilities";
				INFOPLIST_KEY_NSDesktopFolderUsageDescription = "Allow access to convert files on your Deskop";
				INFOPLIST_KEY_NSDocumentsFolderUsageDescription = "Allow access to convert files in your Documents Folder";
				INFOPLIST_KEY_NSDownloadsFolderUsageDescription = "Allow access to convert files in your Downloads Folder";
				INFOPLIST_KEY_NSHumanReadableCopyright = "Copyright © 2025 UNTITLED APPS e.U.\nAll rights reserved.";
				INFOPLIST_KEY_NSPrincipalClass = NSApplication;
				LD_RUNPATH_SEARCH_PATHS = (
					"$(inherited)",
					"@executable_path/../Frameworks",
				);
				MARKETING_VERSION = 1.0.1;
				PRODUCT_BUNDLE_IDENTIFIER = at.untitledapps.iconvert;
				PRODUCT_NAME = "$(TARGET_NAME)";
				SWIFT_EMIT_LOC_STRINGS = YES;
				SWIFT_VERSION = 5.0;
			};
			name = Release;
		};
		28FDF733279E1D6F00573C23 /* Debug */ = {
			isa = XCBuildConfiguration;
			buildSettings = {
				CODE_SIGN_ENTITLEMENTS = "iConvert Finder Extension/iConvert Finder Extension.entitlements";
				CODE_SIGN_IDENTITY = "-";
				CODE_SIGN_STYLE = Automatic;
				COMBINE_HIDPI_IMAGES = YES;
				CURRENT_PROJECT_VERSION = 1;
				DEVELOPMENT_TEAM = 3R5PH5NRKL;
				ENABLE_HARDENED_RUNTIME = YES;
				GENERATE_INFOPLIST_FILE = YES;
				INFOPLIST_FILE = "iConvert Finder Extension/Info.plist";
				INFOPLIST_KEY_CFBundleDisplayName = "iConvert Finder Extension";
				INFOPLIST_KEY_LSUIElement = YES;
				INFOPLIST_KEY_NSHumanReadableCopyright = "Copyright © 2025 UNTITLED APPS e.U.\nAll rights reserved.";
				LD_RUNPATH_SEARCH_PATHS = (
					"$(inherited)",
					"@executable_path/../Frameworks",
					"@executable_path/../../../../Frameworks",
				);
				MARKETING_VERSION = 1.0.1;
				PRODUCT_BUNDLE_IDENTIFIER = "at.untitledapps.iconvert.iconvert-Finder-Extension";
				PRODUCT_NAME = "$(TARGET_NAME)";
				SKIP_INSTALL = YES;
				SWIFT_EMIT_LOC_STRINGS = YES;
				SWIFT_VERSION = 5.0;
			};
			name = Debug;
		};
		28FDF734279E1D6F00573C23 /* Release */ = {
			isa = XCBuildConfiguration;
			buildSettings = {
				CODE_SIGN_ENTITLEMENTS = "iConvert Finder Extension/iConvert Finder Extension.entitlements";
				CODE_SIGN_IDENTITY = "-";
				CODE_SIGN_STYLE = Automatic;
				COMBINE_HIDPI_IMAGES = YES;
				CURRENT_PROJECT_VERSION = 1;
				DEVELOPMENT_TEAM = 3R5PH5NRKL;
				ENABLE_HARDENED_RUNTIME = YES;
				GENERATE_INFOPLIST_FILE = YES;
				INFOPLIST_FILE = "iConvert Finder Extension/Info.plist";
				INFOPLIST_KEY_CFBundleDisplayName = "iConvert Finder Extension";
				INFOPLIST_KEY_LSUIElement = YES;
				INFOPLIST_KEY_NSHumanReadableCopyright = "Copyright © 2025 UNTITLED APPS e.U.\nAll rights reserved.";
				LD_RUNPATH_SEARCH_PATHS = (
					"$(inherited)",
					"@executable_path/../Frameworks",
					"@executable_path/../../../../Frameworks",
				);
				MARKETING_VERSION = 1.0.1;
				PRODUCT_BUNDLE_IDENTIFIER = "at.untitledapps.iconvert.iconvert-Finder-Extension";
				PRODUCT_NAME = "$(TARGET_NAME)";
				SKIP_INSTALL = YES;
				SWIFT_EMIT_LOC_STRINGS = YES;
				SWIFT_VERSION = 5.0;
			};
			name = Release;
		};
/* End XCBuildConfiguration section */

/* Begin XCConfigurationList section */
		28FDF70E279E1D4800573C23 /* Build configuration list for PBXProject "iConvert" */ = {
			isa = XCConfigurationList;
			buildConfigurations = (
				28FDF720279E1D4900573C23 /* Debug */,
				28FDF721279E1D4900573C23 /* Release */,
			);
			defaultConfigurationIsVisible = 0;
			defaultConfigurationName = Release;
		};
		28FDF722279E1D4900573C23 /* Build configuration list for PBXNativeTarget "iConvert" */ = {
			isa = XCConfigurationList;
			buildConfigurations = (
				28FDF723279E1D4900573C23 /* Debug */,
				28FDF724279E1D4900573C23 /* Release */,
			);
			defaultConfigurationIsVisible = 0;
			defaultConfigurationName = Release;
		};
		28FDF732279E1D6F00573C23 /* Build configuration list for PBXNativeTarget "iConvert Finder Extension" */ = {
			isa = XCConfigurationList;
			buildConfigurations = (
				28FDF733279E1D6F00573C23 /* Debug */,
				28FDF734279E1D6F00573C23 /* Release */,
			);
			defaultConfigurationIsVisible = 0;
			defaultConfigurationName = Release;
		};
/* End XCConfigurationList section */
	};
	rootObject = 28FDF70B279E1D4800573C23 /* Project object */;
}
